
Microsoft Visual Studio Solution File, Format Version 12.00
# Visual Studio Version 16
VisualStudioVersion = 16.0.33027.164
MinimumVisualStudioVersion = 10.0.40219.1
Project("{FAE04EC0-301F-11D3-BF4B-00C04F79EFBC}") = "HelloJenkinsProject", "HelloJenkinsProject\HelloJenkinsProject.csproj", "{32ECB4C7-F594-43CA-BE17-6C5BEE6FE83B}"
EndProject
Global
	GlobalSection(SolutionConfigurationPlatforms) = preSolution
		Debug|Any CPU = Debug|Any CPU
		Release|Any CPU = Release|Any CPU
	EndGlobalSection
	GlobalSection(ProjectConfigurationPlatforms) = postSolution
		{32ECB4C7-F594-43CA-BE17-6C5BEE6FE83B}.Debug|Any CPU.ActiveCfg = Debug|Any CPU
		{32ECB4C7-F594-43CA-BE17-6C5BEE6FE83B}.Debug|Any CPU.Build.0 = Debug|Any CPU
		{32ECB4C7-F594-43CA-BE17-6C5BEE6FE83B}.Release|Any CPU.ActiveCfg = Release|Any CPU
		{32ECB4C7-F594-43CA-BE17-6C5BEE6FE83B}.Release|Any CPU.Build.0 = Release|Any CPU
	EndGlobalSection
	GlobalSection(SolutionProperties) = preSolution
		HideSolutionNode = FALSE
	EndGlobalSection
	GlobalSection(ExtensibilityGlobals) = postSolution
		SolutionGuid = {6A807CE0-2369-489F-978D-3AD9D6269B65}
	EndGlobalSection
EndGlobal
